
Microsoft Visual Studio Solution File, Format Version 12.00
# Visual Studio 2013
VisualStudioVersion = 12.0.21005.1
MinimumVisualStudioVersion = 10.0.40219.1
Project("{2150E333-8FDC-42A3-9474-1A3956D46DE8}") = "Core", "Core", "{CCD86AAD-284F-4C7F-AF41-22934F5C1D44}"
EndProject
Project("{2150E333-8FDC-42A3-9474-1A3956D46DE8}") = "UI", "UI", "{F9B74F8A-8237-493F-9539-860751AC7F38}"
EndProject
Project("{2150E333-8FDC-42A3-9474-1A3956D46DE8}") = "Test", "Test", "{748EB6C7-1817-41B7-9E77-D6E777FD7F95}"
EndProject
Project("{2150E333-8FDC-42A3-9474-1A3956D46DE8}") = "Business", "Business", "{5A8B2CC9-9529-46AE-A3D6-1C0510B17D24}"
EndProject
Project("{2150E333-8FDC-42A3-9474-1A3956D46DE8}") = "Application", "Application", "{2CEABF58-22F1-4116-B3F6-78CB40B3F6C3}"
EndProject
Project("{FAE04EC0-301F-11D3-BF4B-00C04F79EFBC}") = "Lennon.Core", "Core\Lennon.Core\Lennon.Core.csproj", "{F7C67C95-FACB-4160-9A88-CB738E65E034}"
EndProject
Project("{FAE04EC0-301F-11D3-BF4B-00C04F79EFBC}") = "Lennon.Core.Data.Entity", "Core\Lennon.Core.Data.Entity\Lennon.Core.Data.Entity.csproj", "{D58A373C-1A9C-4BF7-833D-427E4AEF8502}"
EndProject
Project("{FAE04EC0-301F-11D3-BF4B-00C04F79EFBC}") = "Lennon.Plugin", "Core\Lennon.Plugin\Lennon.Plugin.csproj", "{0FC052A5-9F68-4767-ADCB-09C5C2637014}"
EndProject
Project("{FAE04EC0-301F-11D3-BF4B-00C04F79EFBC}") = "Lennon.Utility", "Core\Lennon.Utility\Lennon.Utility.csproj", "{946E0A0A-8280-46B3-893E-1B00A554CCAB}"
EndProject
Project("{FAE04EC0-301F-11D3-BF4B-00C04F79EFBC}") = "Lennon.Web", "Core\Lennon.Web\Lennon.Web.csproj", "{D2AC8387-FC21-4E8E-810B-C0A637D44222}"
EndProject
Project("{FAE04EC0-301F-11D3-BF4B-00C04F79EFBC}") = "Vatti.Life.Contracts", "Vatti.Life.Contracts\Vatti.Life.Contracts.csproj", "{C1C531EF-EAC5-4E6F-B591-066AF3F4677D}"
EndProject
Project("{FAE04EC0-301F-11D3-BF4B-00C04F79EFBC}") = "Vatti.Life.Services", "Vatti.Life.Services\Vatti.Life.Services.csproj", "{870EE90A-994C-4CA0-A22C-93ED584CB3DE}"
EndProject
Project("{FAE04EC0-301F-11D3-BF4B-00C04F79EFBC}") = "Vatti.Life.WebUI", "Vatti.Life.WebUI\Vatti.Life.WebUI.csproj", "{CEE00BFE-5368-46E6-9A85-117D0C73AF33}"
EndProject
Global
	GlobalSection(SolutionConfigurationPlatforms) = preSolution
		Debug|Any CPU = Debug|Any CPU
		Release|Any CPU = Release|Any CPU
	EndGlobalSection
	GlobalSection(ProjectConfigurationPlatforms) = postSolution
		{F7C67C95-FACB-4160-9A88-CB738E65E034}.Debug|Any CPU.ActiveCfg = Debug|Any CPU
		{F7C67C95-FACB-4160-9A88-CB738E65E034}.Debug|Any CPU.Build.0 = Debug|Any CPU
		{F7C67C95-FACB-4160-9A88-CB738E65E034}.Release|Any CPU.ActiveCfg = Release|Any CPU
		{F7C67C95-FACB-4160-9A88-CB738E65E034}.Release|Any CPU.Build.0 = Release|Any CPU
		{D58A373C-1A9C-4BF7-833D-427E4AEF8502}.Debug|Any CPU.ActiveCfg = Debug|Any CPU
		{D58A373C-1A9C-4BF7-833D-427E4AEF8502}.Debug|Any CPU.Build.0 = Debug|Any CPU
		{D58A373C-1A9C-4BF7-833D-427E4AEF8502}.Release|Any CPU.ActiveCfg = Release|Any CPU
		{D58A373C-1A9C-4BF7-833D-427E4AEF8502}.Release|Any CPU.Build.0 = Release|Any CPU
		{0FC052A5-9F68-4767-ADCB-09C5C2637014}.Debug|Any CPU.ActiveCfg = Debug|Any CPU
		{0FC052A5-9F68-4767-ADCB-09C5C2637014}.Debug|Any CPU.Build.0 = Debug|Any CPU
		{0FC052A5-9F68-4767-ADCB-09C5C2637014}.Release|Any CPU.ActiveCfg = Release|Any CPU
		{0FC052A5-9F68-4767-ADCB-09C5C2637014}.Release|Any CPU.Build.0 = Release|Any CPU
		{946E0A0A-8280-46B3-893E-1B00A554CCAB}.Debug|Any CPU.ActiveCfg = Debug|Any CPU
		{946E0A0A-8280-46B3-893E-1B00A554CCAB}.Debug|Any CPU.Build.0 = Debug|Any CPU
		{946E0A0A-8280-46B3-893E-1B00A554CCAB}.Release|Any CPU.ActiveCfg = Release|Any CPU
		{946E0A0A-8280-46B3-893E-1B00A554CCAB}.Release|Any CPU.Build.0 = Release|Any CPU
		{D2AC8387-FC21-4E8E-810B-C0A637D44222}.Debug|Any CPU.ActiveCfg = Debug|Any CPU
		{D2AC8387-FC21-4E8E-810B-C0A637D44222}.Debug|Any CPU.Build.0 = Debug|Any CPU
		{D2AC8387-FC21-4E8E-810B-C0A637D44222}.Release|Any CPU.ActiveCfg = Release|Any CPU
		{D2AC8387-FC21-4E8E-810B-C0A637D44222}.Release|Any CPU.Build.0 = Release|Any CPU
		{C1C531EF-EAC5-4E6F-B591-066AF3F4677D}.Debug|Any CPU.ActiveCfg = Debug|Any CPU
		{C1C531EF-EAC5-4E6F-B591-066AF3F4677D}.Debug|Any CPU.Build.0 = Debug|Any CPU
		{C1C531EF-EAC5-4E6F-B591-066AF3F4677D}.Release|Any CPU.ActiveCfg = Release|Any CPU
		{C1C531EF-EAC5-4E6F-B591-066AF3F4677D}.Release|Any CPU.Build.0 = Release|Any CPU
		{870EE90A-994C-4CA0-A22C-93ED584CB3DE}.Debug|Any CPU.ActiveCfg = Debug|Any CPU
		{870EE90A-994C-4CA0-A22C-93ED584CB3DE}.Debug|Any CPU.Build.0 = Debug|Any CPU
		{870EE90A-994C-4CA0-A22C-93ED584CB3DE}.Release|Any CPU.ActiveCfg = Release|Any CPU
		{870EE90A-994C-4CA0-A22C-93ED584CB3DE}.Release|Any CPU.Build.0 = Release|Any CPU
		{CEE00BFE-5368-46E6-9A85-117D0C73AF33}.Debug|Any CPU.ActiveCfg = Debug|Any CPU
		{CEE00BFE-5368-46E6-9A85-117D0C73AF33}.Debug|Any CPU.Build.0 = Debug|Any CPU
		{CEE00BFE-5368-46E6-9A85-117D0C73AF33}.Release|Any CPU.ActiveCfg = Release|Any CPU
		{CEE00BFE-5368-46E6-9A85-117D0C73AF33}.Release|Any CPU.Build.0 = Release|Any CPU
	EndGlobalSection
	GlobalSection(SolutionProperties) = preSolution
		HideSolutionNode = FALSE
	EndGlobalSection
	GlobalSection(NestedProjects) = preSolution
		{F7C67C95-FACB-4160-9A88-CB738E65E034} = {CCD86AAD-284F-4C7F-AF41-22934F5C1D44}
		{D58A373C-1A9C-4BF7-833D-427E4AEF8502} = {CCD86AAD-284F-4C7F-AF41-22934F5C1D44}
		{0FC052A5-9F68-4767-ADCB-09C5C2637014} = {CCD86AAD-284F-4C7F-AF41-22934F5C1D44}
		{946E0A0A-8280-46B3-893E-1B00A554CCAB} = {CCD86AAD-284F-4C7F-AF41-22934F5C1D44}
		{D2AC8387-FC21-4E8E-810B-C0A637D44222} = {CCD86AAD-284F-4C7F-AF41-22934F5C1D44}
		{C1C531EF-EAC5-4E6F-B591-066AF3F4677D} = {5A8B2CC9-9529-46AE-A3D6-1C0510B17D24}
		{870EE90A-994C-4CA0-A22C-93ED584CB3DE} = {5A8B2CC9-9529-46AE-A3D6-1C0510B17D24}
	EndGlobalSection
EndGlobal
